
Microsoft Visual Studio Solution File, Format Version 12.00
# Visual Studio Version 16
VisualStudioVersion = 16.0.28803.202
MinimumVisualStudioVersion = 10.0.40219.1
Project("{FAE04EC0-301F-11D3-BF4B-00C04F79EFBC}") = "entrega3", "entrega3\entrega3.csproj", "{BA1F3093-BFFF-4E47-95B0-F71AA8BC6243}"
EndProject
Global
	GlobalSection(SolutionConfigurationPlatforms) = preSolution
		Debug|Any CPU = Debug|Any CPU
		Release|Any CPU = Release|Any CPU
	EndGlobalSection
	GlobalSection(ProjectConfigurationPlatforms) = postSolution
		{BA1F3093-BFFF-4E47-95B0-F71AA8BC6243}.Debug|Any CPU.ActiveCfg = Debug|Any CPU
		{BA1F3093-BFFF-4E47-95B0-F71AA8BC6243}.Debug|Any CPU.Build.0 = Debug|Any CPU
		{BA1F3093-BFFF-4E47-95B0-F71AA8BC6243}.Release|Any CPU.ActiveCfg = Release|Any CPU
		{BA1F3093-BFFF-4E47-95B0-F71AA8BC6243}.Release|Any CPU.Build.0 = Release|Any CPU
	EndGlobalSection
	GlobalSection(SolutionProperties) = preSolution
		HideSolutionNode = FALSE
	EndGlobalSection
	GlobalSection(ExtensibilityGlobals) = postSolution
		SolutionGuid = {28210D08-FF08-4EA3-B6D2-F135AE6C8523}
	EndGlobalSection
EndGlobal
